
Microsoft Visual Studio Solution File, Format Version 12.00
# Visual Studio Version 17
VisualStudioVersion = 17.8.34511.84
MinimumVisualStudioVersion = 10.0.40219.1
Project("{FAE04EC0-301F-11D3-BF4B-00C04F79EFBC}") = "MessageBoxHello", "MessageBoxHello\MessageBoxHello.csproj", "{13202FE0-6894-4D54-B7ED-1B1F916C258D}"
EndProject
Global
	GlobalSection(SolutionConfigurationPlatforms) = preSolution
		Debug|Any CPU = Debug|Any CPU
		Release|Any CPU = Release|Any CPU
	EndGlobalSection
	GlobalSection(ProjectConfigurationPlatforms) = postSolution
		{13202FE0-6894-4D54-B7ED-1B1F916C258D}.Debug|Any CPU.ActiveCfg = Debug|Any CPU
		{13202FE0-6894-4D54-B7ED-1B1F916C258D}.Debug|Any CPU.Build.0 = Debug|Any CPU
		{13202FE0-6894-4D54-B7ED-1B1F916C258D}.Release|Any CPU.ActiveCfg = Release|Any CPU
		{13202FE0-6894-4D54-B7ED-1B1F916C258D}.Release|Any CPU.Build.0 = Release|Any CPU
	EndGlobalSection
	GlobalSection(SolutionProperties) = preSolution
		HideSolutionNode = FALSE
	EndGlobalSection
	GlobalSection(ExtensibilityGlobals) = postSolution
		SolutionGuid = {1893F182-EA8C-4C68-BCF6-B793992C9029}
	EndGlobalSection
EndGlobal
